
Microsoft Visual Studio Solution File, Format Version 12.00
# Visual Studio 14
VisualStudioVersion = 14.0.25420.1
MinimumVisualStudioVersion = 10.0.40219.1
Project("{FAE04EC0-301F-11D3-BF4B-00C04F79EFBC}") = "File Formats", "File Formats\File Formats.csproj", "{CF62B7B3-AA4D-456F-B484-0E3E2B162088}"
EndProject
Project("{2150E333-8FDC-42A3-9474-1A3956D46DE8}") = "Solution Items", "Solution Items", "{526A707B-FB05-4DE5-80C7-1AB66A2489A1}"
	ProjectSection(SolutionItems) = preProject
		License.txt = License.txt
		Readme.md = Readme.md
	EndProjectSection
EndProject
Project("{FAE04EC0-301F-11D3-BF4B-00C04F79EFBC}") = "Multi Extractor", "Side Tools\Multi Extractor\Multi Extractor.csproj", "{DCFF409E-4338-49D5-8D26-017E28977000}"
EndProject
Project("{FAE04EC0-301F-11D3-BF4B-00C04F79EFBC}") = "Tid Maker", "Side Tools\Tid Maker\Tid Maker.csproj", "{CEDE0609-F93F-41A7-BD1E-11D2A4E25E3C}"
EndProject
Project("{FAE04EC0-301F-11D3-BF4B-00C04F79EFBC}") = "Pac Editor", "Side Tools\Pac Editor\Pac Editor.csproj", "{E10E34C1-4CFA-4F20-8995-3C8BC0C35FA6}"
EndProject
Project("{FAE04EC0-301F-11D3-BF4B-00C04F79EFBC}") = "Cl3 Editor", "Side Tools\Cl3 Editor\Cl3 Editor.csproj", "{043FFF17-0EE7-48D6-B02F-7B004FCF8482}"
EndProject
Project("{2150E333-8FDC-42A3-9474-1A3956D46DE8}") = "Side Tools", "Side Tools", "{D7701CC2-250F-40F1-82FD-33941B41B20F}"
EndProject
Global
	GlobalSection(SolutionConfigurationPlatforms) = preSolution
		Debug|Any CPU = Debug|Any CPU
		Release|Any CPU = Release|Any CPU
	EndGlobalSection
	GlobalSection(ProjectConfigurationPlatforms) = postSolution
		{CF62B7B3-AA4D-456F-B484-0E3E2B162088}.Debug|Any CPU.ActiveCfg = Debug|Any CPU
		{CF62B7B3-AA4D-456F-B484-0E3E2B162088}.Debug|Any CPU.Build.0 = Debug|Any CPU
		{CF62B7B3-AA4D-456F-B484-0E3E2B162088}.Release|Any CPU.ActiveCfg = Release|Any CPU
		{CF62B7B3-AA4D-456F-B484-0E3E2B162088}.Release|Any CPU.Build.0 = Release|Any CPU
		{DCFF409E-4338-49D5-8D26-017E28977000}.Debug|Any CPU.ActiveCfg = Debug|Any CPU
		{DCFF409E-4338-49D5-8D26-017E28977000}.Debug|Any CPU.Build.0 = Debug|Any CPU
		{DCFF409E-4338-49D5-8D26-017E28977000}.Release|Any CPU.ActiveCfg = Release|Any CPU
		{DCFF409E-4338-49D5-8D26-017E28977000}.Release|Any CPU.Build.0 = Release|Any CPU
		{CEDE0609-F93F-41A7-BD1E-11D2A4E25E3C}.Debug|Any CPU.ActiveCfg = Debug|Any CPU
		{CEDE0609-F93F-41A7-BD1E-11D2A4E25E3C}.Debug|Any CPU.Build.0 = Debug|Any CPU
		{CEDE0609-F93F-41A7-BD1E-11D2A4E25E3C}.Release|Any CPU.ActiveCfg = Release|Any CPU
		{CEDE0609-F93F-41A7-BD1E-11D2A4E25E3C}.Release|Any CPU.Build.0 = Release|Any CPU
		{E10E34C1-4CFA-4F20-8995-3C8BC0C35FA6}.Debug|Any CPU.ActiveCfg = Debug|Any CPU
		{E10E34C1-4CFA-4F20-8995-3C8BC0C35FA6}.Debug|Any CPU.Build.0 = Debug|Any CPU
		{E10E34C1-4CFA-4F20-8995-3C8BC0C35FA6}.Release|Any CPU.ActiveCfg = Release|Any CPU
		{E10E34C1-4CFA-4F20-8995-3C8BC0C35FA6}.Release|Any CPU.Build.0 = Release|Any CPU
		{043FFF17-0EE7-48D6-B02F-7B004FCF8482}.Debug|Any CPU.ActiveCfg = Debug|Any CPU
		{043FFF17-0EE7-48D6-B02F-7B004FCF8482}.Debug|Any CPU.Build.0 = Debug|Any CPU
		{043FFF17-0EE7-48D6-B02F-7B004FCF8482}.Release|Any CPU.ActiveCfg = Release|Any CPU
		{043FFF17-0EE7-48D6-B02F-7B004FCF8482}.Release|Any CPU.Build.0 = Release|Any CPU
	EndGlobalSection
	GlobalSection(SolutionProperties) = preSolution
		HideSolutionNode = FALSE
	EndGlobalSection
	GlobalSection(NestedProjects) = preSolution
		{DCFF409E-4338-49D5-8D26-017E28977000} = {D7701CC2-250F-40F1-82FD-33941B41B20F}
		{CEDE0609-F93F-41A7-BD1E-11D2A4E25E3C} = {D7701CC2-250F-40F1-82FD-33941B41B20F}
		{E10E34C1-4CFA-4F20-8995-3C8BC0C35FA6} = {D7701CC2-250F-40F1-82FD-33941B41B20F}
		{043FFF17-0EE7-48D6-B02F-7B004FCF8482} = {D7701CC2-250F-40F1-82FD-33941B41B20F}
	EndGlobalSection
EndGlobal
