
Microsoft Visual Studio Solution File, Format Version 12.00
# Visual Studio 15
VisualStudioVersion = 15.0.26730.12
MinimumVisualStudioVersion = 10.0.40219.1
Project("{FAE04EC0-301F-11D3-BF4B-00C04F79EFBC}") = "Dash.Tests", "Dash.Tests\Dash.Tests.csproj", "{6557E10F-0743-4183-BCB0-D15385A7B6BC}"
EndProject
Global
	GlobalSection(SolutionConfigurationPlatforms) = preSolution
		Debug|Any CPU = Debug|Any CPU
		Release|Any CPU = Release|Any CPU
	EndGlobalSection
	GlobalSection(ProjectConfigurationPlatforms) = postSolution
		{6557E10F-0743-4183-BCB0-D15385A7B6BC}.Debug|Any CPU.ActiveCfg = Debug|Any CPU
		{6557E10F-0743-4183-BCB0-D15385A7B6BC}.Debug|Any CPU.Build.0 = Debug|Any CPU
		{6557E10F-0743-4183-BCB0-D15385A7B6BC}.Release|Any CPU.ActiveCfg = Release|Any CPU
		{6557E10F-0743-4183-BCB0-D15385A7B6BC}.Release|Any CPU.Build.0 = Release|Any CPU
	EndGlobalSection
	GlobalSection(SolutionProperties) = preSolution
		HideSolutionNode = FALSE
	EndGlobalSection
	GlobalSection(ExtensibilityGlobals) = postSolution
		SolutionGuid = {6E51EF46-FC59-4D01-9285-098D2557CB1A}
	EndGlobalSection
EndGlobal
